// !$*UTF8*$!
{
	archiveVersion = 1;
	classes = {
	};
	objectVersion = 56;
	objects = {

/* Begin PBXBuildFile section */
		80F2C25A296FDB8E004356EE /* AfricaApp.swift in Sources */ = {isa = PBXBuildFile; fileRef = 80F2C259296FDB8E004356EE /* AfricaApp.swift */; };
		80F2C25C296FDB8F004356EE /* ContentView.swift in Sources */ = {isa = PBXBuildFile; fileRef = 80F2C25B296FDB8F004356EE /* ContentView.swift */; };
		80F2C25E296FDB92004356EE /* Assets.xcassets in Resources */ = {isa = PBXBuildFile; fileRef = 80F2C25D296FDB92004356EE /* Assets.xcassets */; };
		80F2C261296FDB92004356EE /* Preview Assets.xcassets in Resources */ = {isa = PBXBuildFile; fileRef = 80F2C260296FDB92004356EE /* Preview Assets.xcassets */; };
		80F2C277296FDCEC004356EE /* locations.json in Resources */ = {isa = PBXBuildFile; fileRef = 80F2C273296FDCEC004356EE /* locations.json */; };
		80F2C278296FDCEC004356EE /* videos.json in Resources */ = {isa = PBXBuildFile; fileRef = 80F2C274296FDCEC004356EE /* videos.json */; };
		80F2C279296FDCEC004356EE /* covers.json in Resources */ = {isa = PBXBuildFile; fileRef = 80F2C275296FDCEC004356EE /* covers.json */; };
		80F2C27A296FDCEC004356EE /* animals.json in Resources */ = {isa = PBXBuildFile; fileRef = 80F2C276296FDCEC004356EE /* animals.json */; };
		80F2C27E296FDF4C004356EE /* VideoListView.swift in Sources */ = {isa = PBXBuildFile; fileRef = 80F2C27D296FDF4C004356EE /* VideoListView.swift */; };
		80F2C280296FDF5F004356EE /* MapView.swift in Sources */ = {isa = PBXBuildFile; fileRef = 80F2C27F296FDF5F004356EE /* MapView.swift */; };
		80F2C282296FDF6F004356EE /* GalleryView.swift in Sources */ = {isa = PBXBuildFile; fileRef = 80F2C281296FDF6F004356EE /* GalleryView.swift */; };
		80F2C284296FDF7E004356EE /* MainView.swift in Sources */ = {isa = PBXBuildFile; fileRef = 80F2C283296FDF7E004356EE /* MainView.swift */; };
		80F2C287296FE2EB004356EE /* CoverImageView.swift in Sources */ = {isa = PBXBuildFile; fileRef = 80F2C286296FE2EB004356EE /* CoverImageView.swift */; };
		80F2C28C296FE41F004356EE /* CoverImageModel.swift in Sources */ = {isa = PBXBuildFile; fileRef = 80F2C28B296FE41F004356EE /* CoverImageModel.swift */; };
		80F2C28F296FE4CA004356EE /* CodableBundleExtension.swift in Sources */ = {isa = PBXBuildFile; fileRef = 80F2C28E296FE4CA004356EE /* CodableBundleExtension.swift */; };
/* End PBXBuildFile section */

/* Begin PBXFileReference section */
		80F2C256296FDB8E004356EE /* Africa.app */ = {isa = PBXFileReference; explicitFileType = wrapper.application; includeInIndex = 0; path = Africa.app; sourceTree = BUILT_PRODUCTS_DIR; };
		80F2C259296FDB8E004356EE /* AfricaApp.swift */ = {isa = PBXFileReference; lastKnownFileType = sourcecode.swift; path = AfricaApp.swift; sourceTree = "<group>"; };
		80F2C25B296FDB8F004356EE /* ContentView.swift */ = {isa = PBXFileReference; lastKnownFileType = sourcecode.swift; path = ContentView.swift; sourceTree = "<group>"; };
		80F2C25D296FDB92004356EE /* Assets.xcassets */ = {isa = PBXFileReference; lastKnownFileType = folder.assetcatalog; path = Assets.xcassets; sourceTree = "<group>"; };
		80F2C260296FDB92004356EE /* Preview Assets.xcassets */ = {isa = PBXFileReference; lastKnownFileType = folder.assetcatalog; path = "Preview Assets.xcassets"; sourceTree = "<group>"; };
		80F2C268296FDCB8004356EE /* lion.mp4 */ = {isa = PBXFileReference; lastKnownFileType = file; name = lion.mp4; path = ../../../../Resources/video/lion.mp4; sourceTree = "<group>"; };
		80F2C269296FDCB8004356EE /* rhino.mp4 */ = {isa = PBXFileReference; lastKnownFileType = file; name = rhino.mp4; path = ../../../../Resources/video/rhino.mp4; sourceTree = "<group>"; };
		80F2C26A296FDCB8004356EE /* giraffe.mp4 */ = {isa = PBXFileReference; lastKnownFileType = file; name = giraffe.mp4; path = ../../../../Resources/video/giraffe.mp4; sourceTree = "<group>"; };
		80F2C26B296FDCB8004356EE /* zebra.mp4 */ = {isa = PBXFileReference; lastKnownFileType = file; name = zebra.mp4; path = ../../../../Resources/video/zebra.mp4; sourceTree = "<group>"; };
		80F2C26C296FDCB8004356EE /* gorilla.mp4 */ = {isa = PBXFileReference; lastKnownFileType = file; name = gorilla.mp4; path = ../../../../Resources/video/gorilla.mp4; sourceTree = "<group>"; };
		80F2C26D296FDCB8004356EE /* hippo.mp4 */ = {isa = PBXFileReference; lastKnownFileType = file; name = hippo.mp4; path = ../../../../Resources/video/hippo.mp4; sourceTree = "<group>"; };
		80F2C26E296FDCB8004356EE /* cheetah.mp4 */ = {isa = PBXFileReference; lastKnownFileType = file; name = cheetah.mp4; path = ../../../../Resources/video/cheetah.mp4; sourceTree = "<group>"; };
		80F2C26F296FDCB8004356EE /* elephant.mp4 */ = {isa = PBXFileReference; lastKnownFileType = file; name = elephant.mp4; path = ../../../../Resources/video/elephant.mp4; sourceTree = "<group>"; };
		80F2C270296FDCB8004356EE /* ostrich.mp4 */ = {isa = PBXFileReference; lastKnownFileType = file; name = ostrich.mp4; path = ../../../../Resources/video/ostrich.mp4; sourceTree = "<group>"; };
		80F2C271296FDCB8004356EE /* lioness.mp4 */ = {isa = PBXFileReference; lastKnownFileType = file; name = lioness.mp4; path = ../../../../Resources/video/lioness.mp4; sourceTree = "<group>"; };
		80F2C273296FDCEC004356EE /* locations.json */ = {isa = PBXFileReference; fileEncoding = 4; lastKnownFileType = text.json; name = locations.json; path = ../../../../Resources/data/locations.json; sourceTree = "<group>"; };
		80F2C274296FDCEC004356EE /* videos.json */ = {isa = PBXFileReference; fileEncoding = 4; lastKnownFileType = text.json; name = videos.json; path = ../../../../Resources/data/videos.json; sourceTree = "<group>"; };
		80F2C275296FDCEC004356EE /* covers.json */ = {isa = PBXFileReference; fileEncoding = 4; lastKnownFileType = text.json; name = covers.json; path = ../../../../Resources/data/covers.json; sourceTree = "<group>"; };
		80F2C276296FDCEC004356EE /* animals.json */ = {isa = PBXFileReference; fileEncoding = 4; lastKnownFileType = text.json; name = animals.json; path = ../../../../Resources/data/animals.json; sourceTree = "<group>"; };
		80F2C27B296FDE40004356EE /* Info.plist */ = {isa = PBXFileReference; lastKnownFileType = text.plist; path = Info.plist; sourceTree = "<group>"; };
		80F2C27D296FDF4C004356EE /* VideoListView.swift */ = {isa = PBXFileReference; lastKnownFileType = sourcecode.swift; path = VideoListView.swift; sourceTree = "<group>"; };
		80F2C27F296FDF5F004356EE /* MapView.swift */ = {isa = PBXFileReference; lastKnownFileType = sourcecode.swift; path = MapView.swift; sourceTree = "<group>"; };
		80F2C281296FDF6F004356EE /* GalleryView.swift */ = {isa = PBXFileReference; lastKnownFileType = sourcecode.swift; path = GalleryView.swift; sourceTree = "<group>"; };
		80F2C283296FDF7E004356EE /* MainView.swift */ = {isa = PBXFileReference; lastKnownFileType = sourcecode.swift; path = MainView.swift; sourceTree = "<group>"; };
		80F2C286296FE2EB004356EE /* CoverImageView.swift */ = {isa = PBXFileReference; lastKnownFileType = sourcecode.swift; path = CoverImageView.swift; sourceTree = "<group>"; };
		80F2C28B296FE41F004356EE /* CoverImageModel.swift */ = {isa = PBXFileReference; lastKnownFileType = sourcecode.swift; path = CoverImageModel.swift; sourceTree = "<group>"; };
		80F2C28E296FE4CA004356EE /* CodableBundleExtension.swift */ = {isa = PBXFileReference; lastKnownFileType = sourcecode.swift; path = CodableBundleExtension.swift; sourceTree = "<group>"; };
/* End PBXFileReference section */

/* Begin PBXFrameworksBuildPhase section */
		80F2C253296FDB8E004356EE /* Frameworks */ = {
			isa = PBXFrameworksBuildPhase;
			buildActionMask = 2147483647;
			files = (
			);
			runOnlyForDeploymentPostprocessing = 0;
		};
/* End PBXFrameworksBuildPhase section */

/* Begin PBXGroup section */
		80F2C24D296FDB8E004356EE = {
			isa = PBXGroup;
			children = (
				80F2C258296FDB8E004356EE /* Africa */,
				80F2C257296FDB8E004356EE /* Products */,
			);
			sourceTree = "<group>";
		};
		80F2C257296FDB8E004356EE /* Products */ = {
			isa = PBXGroup;
			children = (
				80F2C256296FDB8E004356EE /* Africa.app */,
			);
			name = Products;
			sourceTree = "<group>";
		};
		80F2C258296FDB8E004356EE /* Africa */ = {
			isa = PBXGroup;
			children = (
				80F2C28D296FE4BA004356EE /* Extension */,
				80F2C27B296FDE40004356EE /* Info.plist */,
				80F2C288296FE3F3004356EE /* Models */,
				80F2C272296FDCDE004356EE /* Data */,
				80F2C267296FDCAC004356EE /* Video */,
				80F2C27C296FDF11004356EE /* App */,
				80F2C285296FE2DD004356EE /* Views */,
				80F2C25D296FDB92004356EE /* Assets.xcassets */,
				80F2C25F296FDB92004356EE /* Preview Content */,
			);
			path = Africa;
			sourceTree = "<group>";
		};
		80F2C25F296FDB92004356EE /* Preview Content */ = {
			isa = PBXGroup;
			children = (
				80F2C260296FDB92004356EE /* Preview Assets.xcassets */,
			);
			path = "Preview Content";
			sourceTree = "<group>";
		};
		80F2C267296FDCAC004356EE /* Video */ = {
			isa = PBXGroup;
			children = (
				80F2C26E296FDCB8004356EE /* cheetah.mp4 */,
				80F2C26F296FDCB8004356EE /* elephant.mp4 */,
				80F2C26A296FDCB8004356EE /* giraffe.mp4 */,
				80F2C26C296FDCB8004356EE /* gorilla.mp4 */,
				80F2C26D296FDCB8004356EE /* hippo.mp4 */,
				80F2C268296FDCB8004356EE /* lion.mp4 */,
				80F2C271296FDCB8004356EE /* lioness.mp4 */,
				80F2C270296FDCB8004356EE /* ostrich.mp4 */,
				80F2C269296FDCB8004356EE /* rhino.mp4 */,
				80F2C26B296FDCB8004356EE /* zebra.mp4 */,
			);
			path = Video;
			sourceTree = "<group>";
		};
		80F2C272296FDCDE004356EE /* Data */ = {
			isa = PBXGroup;
			children = (
				80F2C276296FDCEC004356EE /* animals.json */,
				80F2C275296FDCEC004356EE /* covers.json */,
				80F2C273296FDCEC004356EE /* locations.json */,
				80F2C274296FDCEC004356EE /* videos.json */,
			);
			path = Data;
			sourceTree = "<group>";
		};
		80F2C27C296FDF11004356EE /* App */ = {
			isa = PBXGroup;
			children = (
				80F2C259296FDB8E004356EE /* AfricaApp.swift */,
				80F2C25B296FDB8F004356EE /* ContentView.swift */,
				80F2C27D296FDF4C004356EE /* VideoListView.swift */,
				80F2C27F296FDF5F004356EE /* MapView.swift */,
				80F2C281296FDF6F004356EE /* GalleryView.swift */,
				80F2C283296FDF7E004356EE /* MainView.swift */,
			);
			path = App;
			sourceTree = "<group>";
		};
		80F2C285296FE2DD004356EE /* Views */ = {
			isa = PBXGroup;
			children = (
				80F2C286296FE2EB004356EE /* CoverImageView.swift */,
			);
			path = Views;
			sourceTree = "<group>";
		};
		80F2C288296FE3F3004356EE /* Models */ = {
			isa = PBXGroup;
			children = (
				80F2C28B296FE41F004356EE /* CoverImageModel.swift */,
			);
			path = Models;
			sourceTree = "<group>";
		};
		80F2C28D296FE4BA004356EE /* Extension */ = {
			isa = PBXGroup;
			children = (
				80F2C28E296FE4CA004356EE /* CodableBundleExtension.swift */,
			);
			path = Extension;
			sourceTree = "<group>";
		};
/* End PBXGroup section */

/* Begin PBXNativeTarget section */
		80F2C255296FDB8E004356EE /* Africa */ = {
			isa = PBXNativeTarget;
			buildConfigurationList = 80F2C264296FDB92004356EE /* Build configuration list for PBXNativeTarget "Africa" */;
			buildPhases = (
				80F2C252296FDB8E004356EE /* Sources */,
				80F2C253296FDB8E004356EE /* Frameworks */,
				80F2C254296FDB8E004356EE /* Resources */,
			);
			buildRules = (
			);
			dependencies = (
			);
			name = Africa;
			productName = Africa;
			productReference = 80F2C256296FDB8E004356EE /* Africa.app */;
			productType = "com.apple.product-type.application";
		};
/* End PBXNativeTarget section */

/* Begin PBXProject section */
		80F2C24E296FDB8E004356EE /* Project object */ = {
			isa = PBXProject;
			attributes = {
				BuildIndependentTargetsInParallel = 1;
				LastSwiftUpdateCheck = 1410;
				LastUpgradeCheck = 1410;
				TargetAttributes = {
					80F2C255296FDB8E004356EE = {
						CreatedOnToolsVersion = 14.1;
					};
				};
			};
			buildConfigurationList = 80F2C251296FDB8E004356EE /* Build configuration list for PBXProject "Africa" */;
			compatibilityVersion = "Xcode 14.0";
			developmentRegion = en;
			hasScannedForEncodings = 0;
			knownRegions = (
				en,
				Base,
			);
			mainGroup = 80F2C24D296FDB8E004356EE;
			productRefGroup = 80F2C257296FDB8E004356EE /* Products */;
			projectDirPath = "";
			projectRoot = "";
			targets = (
				80F2C255296FDB8E004356EE /* Africa */,
			);
		};
/* End PBXProject section */

/* Begin PBXResourcesBuildPhase section */
		80F2C254296FDB8E004356EE /* Resources */ = {
			isa = PBXResourcesBuildPhase;
			buildActionMask = 2147483647;
			files = (
				80F2C279296FDCEC004356EE /* covers.json in Resources */,
				80F2C261296FDB92004356EE /* Preview Assets.xcassets in Resources */,
				80F2C278296FDCEC004356EE /* videos.json in Resources */,
				80F2C27A296FDCEC004356EE /* animals.json in Resources */,
				80F2C277296FDCEC004356EE /* locations.json in Resources */,
				80F2C25E296FDB92004356EE /* Assets.xcassets in Resources */,
			);
			runOnlyForDeploymentPostprocessing = 0;
		};
/* End PBXResourcesBuildPhase section */

/* Begin PBXSourcesBuildPhase section */
		80F2C252296FDB8E004356EE /* Sources */ = {
			isa = PBXSourcesBuildPhase;
			buildActionMask = 2147483647;
			files = (
				80F2C25C296FDB8F004356EE /* ContentView.swift in Sources */,
				80F2C284296FDF7E004356EE /* MainView.swift in Sources */,
				80F2C287296FE2EB004356EE /* CoverImageView.swift in Sources */,
				80F2C28C296FE41F004356EE /* CoverImageModel.swift in Sources */,
				80F2C280296FDF5F004356EE /* MapView.swift in Sources */,
				80F2C25A296FDB8E004356EE /* AfricaApp.swift in Sources */,
				80F2C27E296FDF4C004356EE /* VideoListView.swift in Sources */,
				80F2C282296FDF6F004356EE /* GalleryView.swift in Sources */,
				80F2C28F296FE4CA004356EE /* CodableBundleExtension.swift in Sources */,
			);
			runOnlyForDeploymentPostprocessing = 0;
		};
/* End PBXSourcesBuildPhase section */

/* Begin XCBuildConfiguration section */
		80F2C262296FDB92004356EE /* Debug */ = {
			isa = XCBuildConfiguration;
			buildSettings = {
				ALWAYS_SEARCH_USER_PATHS = NO;
				CLANG_ANALYZER_NONNULL = YES;
				CLANG_ANALYZER_NUMBER_OBJECT_CONVERSION = YES_AGGRESSIVE;
				CLANG_CXX_LANGUAGE_STANDARD = "gnu++20";
				CLANG_ENABLE_MODULES = YES;
				CLANG_ENABLE_OBJC_ARC = YES;
				CLANG_ENABLE_OBJC_WEAK = YES;
				CLANG_WARN_BLOCK_CAPTURE_AUTORELEASING = YES;
				CLANG_WARN_BOOL_CONVERSION = YES;
				CLANG_WARN_COMMA = YES;
				CLANG_WARN_CONSTANT_CONVERSION = YES;
				CLANG_WARN_DEPRECATED_OBJC_IMPLEMENTATIONS = YES;
				CLANG_WARN_DIRECT_OBJC_ISA_USAGE = YES_ERROR;
				CLANG_WARN_DOCUMENTATION_COMMENTS = YES;
				CLANG_WARN_EMPTY_BODY = YES;
				CLANG_WARN_ENUM_CONVERSION = YES;
				CLANG_WARN_INFINITE_RECURSION = YES;
				CLANG_WARN_INT_CONVERSION = YES;
				CLANG_WARN_NON_LITERAL_NULL_CONVERSION = YES;
				CLANG_WARN_OBJC_IMPLICIT_RETAIN_SELF = YES;
				CLANG_WARN_OBJC_LITERAL_CONVERSION = YES;
				CLANG_WARN_OBJC_ROOT_CLASS = YES_ERROR;
				CLANG_WARN_QUOTED_INCLUDE_IN_FRAMEWORK_HEADER = YES;
				CLANG_WARN_RANGE_LOOP_ANALYSIS = YES;
				CLANG_WARN_STRICT_PROTOTYPES = YES;
				CLANG_WARN_SUSPICIOUS_MOVE = YES;
				CLANG_WARN_UNGUARDED_AVAILABILITY = YES_AGGRESSIVE;
				CLANG_WARN_UNREACHABLE_CODE = YES;
				CLANG_WARN__DUPLICATE_METHOD_MATCH = YES;
				COPY_PHASE_STRIP = NO;
				DEBUG_INFORMATION_FORMAT = dwarf;
				ENABLE_STRICT_OBJC_MSGSEND = YES;
				ENABLE_TESTABILITY = YES;
				GCC_C_LANGUAGE_STANDARD = gnu11;
				GCC_DYNAMIC_NO_PIC = NO;
				GCC_NO_COMMON_BLOCKS = YES;
				GCC_OPTIMIZATION_LEVEL = 0;
				GCC_PREPROCESSOR_DEFINITIONS = (
					"DEBUG=1",
					"$(inherited)",
				);
				GCC_WARN_64_TO_32_BIT_CONVERSION = YES;
				GCC_WARN_ABOUT_RETURN_TYPE = YES_ERROR;
				GCC_WARN_UNDECLARED_SELECTOR = YES;
				GCC_WARN_UNINITIALIZED_AUTOS = YES_AGGRESSIVE;
				GCC_WARN_UNUSED_FUNCTION = YES;
				GCC_WARN_UNUSED_VARIABLE = YES;
				IPHONEOS_DEPLOYMENT_TARGET = 16.1;
				MTL_ENABLE_DEBUG_INFO = INCLUDE_SOURCE;
				MTL_FAST_MATH = YES;
				ONLY_ACTIVE_ARCH = YES;
				SDKROOT = iphoneos;
				SWIFT_ACTIVE_COMPILATION_CONDITIONS = DEBUG;
				SWIFT_OPTIMIZATION_LEVEL = "-Onone";
			};
			name = Debug;
		};
		80F2C263296FDB92004356EE /* Release */ = {
			isa = XCBuildConfiguration;
			buildSettings = {
				ALWAYS_SEARCH_USER_PATHS = NO;
				CLANG_ANALYZER_NONNULL = YES;
				CLANG_ANALYZER_NUMBER_OBJECT_CONVERSION = YES_AGGRESSIVE;
				CLANG_CXX_LANGUAGE_STANDARD = "gnu++20";
				CLANG_ENABLE_MODULES = YES;
				CLANG_ENABLE_OBJC_ARC = YES;
				CLANG_ENABLE_OBJC_WEAK = YES;
				CLANG_WARN_BLOCK_CAPTURE_AUTORELEASING = YES;
				CLANG_WARN_BOOL_CONVERSION = YES;
				CLANG_WARN_COMMA = YES;
				CLANG_WARN_CONSTANT_CONVERSION = YES;
				CLANG_WARN_DEPRECATED_OBJC_IMPLEMENTATIONS = YES;
				CLANG_WARN_DIRECT_OBJC_ISA_USAGE = YES_ERROR;
				CLANG_WARN_DOCUMENTATION_COMMENTS = YES;
				CLANG_WARN_EMPTY_BODY = YES;
				CLANG_WARN_ENUM_CONVERSION = YES;
				CLANG_WARN_INFINITE_RECURSION = YES;
				CLANG_WARN_INT_CONVERSION = YES;
				CLANG_WARN_NON_LITERAL_NULL_CONVERSION = YES;
				CLANG_WARN_OBJC_IMPLICIT_RETAIN_SELF = YES;
				CLANG_WARN_OBJC_LITERAL_CONVERSION = YES;
				CLANG_WARN_OBJC_ROOT_CLASS = YES_ERROR;
				CLANG_WARN_QUOTED_INCLUDE_IN_FRAMEWORK_HEADER = YES;
				CLANG_WARN_RANGE_LOOP_ANALYSIS = YES;
				CLANG_WARN_STRICT_PROTOTYPES = YES;
				CLANG_WARN_SUSPICIOUS_MOVE = YES;
				CLANG_WARN_UNGUARDED_AVAILABILITY = YES_AGGRESSIVE;
				CLANG_WARN_UNREACHABLE_CODE = YES;
				CLANG_WARN__DUPLICATE_METHOD_MATCH = YES;
				COPY_PHASE_STRIP = NO;
				DEBUG_INFORMATION_FORMAT = "dwarf-with-dsym";
				ENABLE_NS_ASSERTIONS = NO;
				ENABLE_STRICT_OBJC_MSGSEND = YES;
				GCC_C_LANGUAGE_STANDARD = gnu11;
				GCC_NO_COMMON_BLOCKS = YES;
				GCC_WARN_64_TO_32_BIT_CONVERSION = YES;
				GCC_WARN_ABOUT_RETURN_TYPE = YES_ERROR;
				GCC_WARN_UNDECLARED_SELECTOR = YES;
				GCC_WARN_UNINITIALIZED_AUTOS = YES_AGGRESSIVE;
				GCC_WARN_UNUSED_FUNCTION = YES;
				GCC_WARN_UNUSED_VARIABLE = YES;
				IPHONEOS_DEPLOYMENT_TARGET = 16.1;
				MTL_ENABLE_DEBUG_INFO = NO;
				MTL_FAST_MATH = YES;
				SDKROOT = iphoneos;
				SWIFT_COMPILATION_MODE = wholemodule;
				SWIFT_OPTIMIZATION_LEVEL = "-O";
				VALIDATE_PRODUCT = YES;
			};
			name = Release;
		};
		80F2C265296FDB92004356EE /* Debug */ = {
			isa = XCBuildConfiguration;
			buildSettings = {
				ASSETCATALOG_COMPILER_APPICON_NAME = AppIcon;
				ASSETCATALOG_COMPILER_GLOBAL_ACCENT_COLOR_NAME = AccentColor;
				CODE_SIGN_STYLE = Automatic;
				CURRENT_PROJECT_VERSION = 1;
				DEVELOPMENT_ASSET_PATHS = "\"Africa/Preview Content\"";
				DEVELOPMENT_TEAM = F5D2979ZRD;
				ENABLE_PREVIEWS = YES;
				GENERATE_INFOPLIST_FILE = YES;
				INFOPLIST_FILE = Africa/Info.plist;
				INFOPLIST_KEY_UIApplicationSceneManifest_Generation = YES;
				INFOPLIST_KEY_UIApplicationSupportsIndirectInputEvents = YES;
				INFOPLIST_KEY_UISupportedInterfaceOrientations_iPad = "UIInterfaceOrientationPortrait UIInterfaceOrientationPortraitUpsideDown UIInterfaceOrientationLandscapeLeft UIInterfaceOrientationLandscapeRight";
				INFOPLIST_KEY_UISupportedInterfaceOrientations_iPhone = "UIInterfaceOrientationPortrait UIInterfaceOrientationLandscapeLeft UIInterfaceOrientationLandscapeRight";
				INFOPLIST_KEY_UIUserInterfaceStyle = Dark;
				LD_RUNPATH_SEARCH_PATHS = (
					"$(inherited)",
					"@executable_path/Frameworks",
				);
				MARKETING_VERSION = 1.0;
				PRODUCT_BUNDLE_IDENTIFIER = academy.credo.Africa;
				PRODUCT_NAME = "$(TARGET_NAME)";
				SWIFT_EMIT_LOC_STRINGS = YES;
				SWIFT_VERSION = 5.0;
				TARGETED_DEVICE_FAMILY = "1,2";
			};
			name = Debug;
		};
		80F2C266296FDB92004356EE /* Release */ = {
			isa = XCBuildConfiguration;
			buildSettings = {
				ASSETCATALOG_COMPILER_APPICON_NAME = AppIcon;
				ASSETCATALOG_COMPILER_GLOBAL_ACCENT_COLOR_NAME = AccentColor;
				CODE_SIGN_STYLE = Automatic;
				CURRENT_PROJECT_VERSION = 1;
				DEVELOPMENT_ASSET_PATHS = "\"Africa/Preview Content\"";
				DEVELOPMENT_TEAM = F5D2979ZRD;
				ENABLE_PREVIEWS = YES;
				GENERATE_INFOPLIST_FILE = YES;
				INFOPLIST_FILE = Africa/Info.plist;
				INFOPLIST_KEY_UIApplicationSceneManifest_Generation = YES;
				INFOPLIST_KEY_UIApplicationSupportsIndirectInputEvents = YES;
				INFOPLIST_KEY_UISupportedInterfaceOrientations_iPad = "UIInterfaceOrientationPortrait UIInterfaceOrientationPortraitUpsideDown UIInterfaceOrientationLandscapeLeft UIInterfaceOrientationLandscapeRight";
				INFOPLIST_KEY_UISupportedInterfaceOrientations_iPhone = "UIInterfaceOrientationPortrait UIInterfaceOrientationLandscapeLeft UIInterfaceOrientationLandscapeRight";
				INFOPLIST_KEY_UIUserInterfaceStyle = Dark;
				LD_RUNPATH_SEARCH_PATHS = (
					"$(inherited)",
					"@executable_path/Frameworks",
				);
				MARKETING_VERSION = 1.0;
				PRODUCT_BUNDLE_IDENTIFIER = academy.credo.Africa;
				PRODUCT_NAME = "$(TARGET_NAME)";
				SWIFT_EMIT_LOC_STRINGS = YES;
				SWIFT_VERSION = 5.0;
				TARGETED_DEVICE_FAMILY = "1,2";
			};
			name = Release;
		};
/* End XCBuildConfiguration section */

/* Begin XCConfigurationList section */
		80F2C251296FDB8E004356EE /* Build configuration list for PBXProject "Africa" */ = {
			isa = XCConfigurationList;
			buildConfigurations = (
				80F2C262296FDB92004356EE /* Debug */,
				80F2C263296FDB92004356EE /* Release */,
			);
			defaultConfigurationIsVisible = 0;
			defaultConfigurationName = Release;
		};
		80F2C264296FDB92004356EE /* Build configuration list for PBXNativeTarget "Africa" */ = {
			isa = XCConfigurationList;
			buildConfigurations = (
				80F2C265296FDB92004356EE /* Debug */,
				80F2C266296FDB92004356EE /* Release */,
			);
			defaultConfigurationIsVisible = 0;
			defaultConfigurationName = Release;
		};
/* End XCConfigurationList section */
	};
	rootObject = 80F2C24E296FDB8E004356EE /* Project object */;
}
